
Microsoft Visual Studio Solution File, Format Version 12.00
# Visual Studio Version 16
VisualStudioVersion = 16.0.29324.140
MinimumVisualStudioVersion = 10.0.40219.1
Project("{FAE04EC0-301F-11D3-BF4B-00C04F79EFBC}") = "ConsoleApp1", "ConsoleApp1\ConsoleApp1.csproj", "{FF07BD0C-F776-4B17-8C22-4747C27C7FAE}"
EndProject
Global
	GlobalSection(SolutionConfigurationPlatforms) = preSolution
		Debug|Any CPU = Debug|Any CPU
		Release|Any CPU = Release|Any CPU
	EndGlobalSection
	GlobalSection(ProjectConfigurationPlatforms) = postSolution
		{FF07BD0C-F776-4B17-8C22-4747C27C7FAE}.Debug|Any CPU.ActiveCfg = Debug|Any CPU
		{FF07BD0C-F776-4B17-8C22-4747C27C7FAE}.Debug|Any CPU.Build.0 = Debug|Any CPU
		{FF07BD0C-F776-4B17-8C22-4747C27C7FAE}.Release|Any CPU.ActiveCfg = Release|Any CPU
		{FF07BD0C-F776-4B17-8C22-4747C27C7FAE}.Release|Any CPU.Build.0 = Release|Any CPU
	EndGlobalSection
	GlobalSection(SolutionProperties) = preSolution
		HideSolutionNode = FALSE
	EndGlobalSection
	GlobalSection(ExtensibilityGlobals) = postSolution
		SolutionGuid = {7F77883F-69DB-4508-88FE-426135CD730F}
	EndGlobalSection
EndGlobal
